// !$*UTF8*$!
{
	archiveVersion = 1;
	classes = {
	};
	objectVersion = 50;
	objects = {

/* Begin PBXBuildFile section */
		BB728EEB2152208300CBE5BF /* UIColor+Extension.m in Sources */ = {isa = PBXBuildFile; fileRef = BB728EEA2152208300CBE5BF /* UIColor+Extension.m */; };
		BB728EEF2152258D00CBE5BF /* MarketCell.m in Sources */ = {isa = PBXBuildFile; fileRef = BB728EED2152258D00CBE5BF /* MarketCell.m */; };
		BB728EF02152258D00CBE5BF /* MarketCell.xib in Resources */ = {isa = PBXBuildFile; fileRef = BB728EEE2152258D00CBE5BF /* MarketCell.xib */; };
		BB7AF069216CA21100951824 /* MarketListViewController6.m in Sources */ = {isa = PBXBuildFile; fileRef = BB7AF068216CA21100951824 /* MarketListViewController6.m */; };
		BB7D14032150951700E7FA5F /* MarketListViewController1.m in Sources */ = {isa = PBXBuildFile; fileRef = BB7D14022150951700E7FA5F /* MarketListViewController1.m */; };
		BB7D1409215095CE00E7FA5F /* XQQScrollBtn.m in Sources */ = {isa = PBXBuildFile; fileRef = BB7D1406215095CE00E7FA5F /* XQQScrollBtn.m */; };
		BB7D140A215095CE00E7FA5F /* XQQScrollerMenuView.m in Sources */ = {isa = PBXBuildFile; fileRef = BB7D1408215095CE00E7FA5F /* XQQScrollerMenuView.m */; };
		BB7D14102150D31200E7FA5F /* MarketListViewController2.m in Sources */ = {isa = PBXBuildFile; fileRef = BB7D140F2150D31200E7FA5F /* MarketListViewController2.m */; };
		BB7D14132150D32000E7FA5F /* MarketListViewController3.m in Sources */ = {isa = PBXBuildFile; fileRef = BB7D14122150D32000E7FA5F /* MarketListViewController3.m */; };
		BB7D14162150D32B00E7FA5F /* MarketListViewController4.m in Sources */ = {isa = PBXBuildFile; fileRef = BB7D14152150D32B00E7FA5F /* MarketListViewController4.m */; };
		BB7D14192150D33600E7FA5F /* MarketListViewController5.m in Sources */ = {isa = PBXBuildFile; fileRef = BB7D14182150D33600E7FA5F /* MarketListViewController5.m */; };
		BB80943D215374760044ED5B /* MarketModel.m in Sources */ = {isa = PBXBuildFile; fileRef = BB80943C215374760044ED5B /* MarketModel.m */; };
		BB88CE342159D10500ED12C7 /* MarketDetailViewController.m in Sources */ = {isa = PBXBuildFile; fileRef = BB88CE332159D10500ED12C7 /* MarketDetailViewController.m */; };
		BB89B567214B8BC900B00E62 /* AppDelegate.m in Sources */ = {isa = PBXBuildFile; fileRef = BB89B566214B8BC900B00E62 /* AppDelegate.m */; };
		BB89B56A214B8BC900B00E62 /* ViewController.m in Sources */ = {isa = PBXBuildFile; fileRef = BB89B569214B8BC900B00E62 /* ViewController.m */; };
		BB89B56D214B8BC900B00E62 /* Main.storyboard in Resources */ = {isa = PBXBuildFile; fileRef = BB89B56B214B8BC900B00E62 /* Main.storyboard */; };
		BB89B56F214B8BC900B00E62 /* Assets.xcassets in Resources */ = {isa = PBXBuildFile; fileRef = BB89B56E214B8BC900B00E62 /* Assets.xcassets */; };
		BB89B572214B8BC900B00E62 /* LaunchScreen.storyboard in Resources */ = {isa = PBXBuildFile; fileRef = BB89B570214B8BC900B00E62 /* LaunchScreen.storyboard */; };
		BB89B575214B8BC900B00E62 /* main.m in Sources */ = {isa = PBXBuildFile; fileRef = BB89B574214B8BC900B00E62 /* main.m */; };
		BB8A00EB215F5D5100D7035A /* CLCustomSwitch.m in Sources */ = {isa = PBXBuildFile; fileRef = BB8A00EA215F5D5100D7035A /* CLCustomSwitch.m */; };
		BB8F2B0C215E0F13009518ED /* NetWorking.m in Sources */ = {isa = PBXBuildFile; fileRef = BB8F2B0B215E0F13009518ED /* NetWorking.m */; };
		BB8F2B62215E22D7009518ED /* Info.plist in Resources */ = {isa = PBXBuildFile; fileRef = BB8F2B0E215E22D7009518ED /* Info.plist */; };
		BB8F2B63215E22D7009518ED /* MASCompositeConstraint.m in Sources */ = {isa = PBXBuildFile; fileRef = BB8F2B10215E22D7009518ED /* MASCompositeConstraint.m */; };
		BB8F2B64215E22D7009518ED /* MASConstraint.m in Sources */ = {isa = PBXBuildFile; fileRef = BB8F2B13215E22D7009518ED /* MASConstraint.m */; };
		BB8F2B65215E22D7009518ED /* MASConstraintMaker.m in Sources */ = {isa = PBXBuildFile; fileRef = BB8F2B15215E22D7009518ED /* MASConstraintMaker.m */; };
		BB8F2B66215E22D7009518ED /* MASLayoutConstraint.m in Sources */ = {isa = PBXBuildFile; fileRef = BB8F2B17215E22D7009518ED /* MASLayoutConstraint.m */; };
		BB8F2B67215E22D7009518ED /* MASViewAttribute.m in Sources */ = {isa = PBXBuildFile; fileRef = BB8F2B1B215E22D7009518ED /* MASViewAttribute.m */; };
		BB8F2B68215E22D7009518ED /* MASViewConstraint.m in Sources */ = {isa = PBXBuildFile; fileRef = BB8F2B1D215E22D7009518ED /* MASViewConstraint.m */; };
		BB8F2B69215E22D7009518ED /* NSArray+MASAdditions.m in Sources */ = {isa = PBXBuildFile; fileRef = BB8F2B1F215E22D7009518ED /* NSArray+MASAdditions.m */; };
		BB8F2B6A215E22D7009518ED /* NSLayoutConstraint+MASDebugAdditions.m in Sources */ = {isa = PBXBuildFile; fileRef = BB8F2B22215E22D7009518ED /* NSLayoutConstraint+MASDebugAdditions.m */; };
		BB8F2B6B215E22D7009518ED /* View+MASAdditions.m in Sources */ = {isa = PBXBuildFile; fileRef = BB8F2B24215E22D7009518ED /* View+MASAdditions.m */; };
		BB8F2B6C215E22D7009518ED /* ViewController+MASAdditions.m in Sources */ = {isa = PBXBuildFile; fileRef = BB8F2B27215E22D7009518ED /* ViewController+MASAdditions.m */; };
		BB8F2B6D215E22D7009518ED /* CAShapeLayer+YKCandleLayer.m in Sources */ = {isa = PBXBuildFile; fileRef = BB8F2B2C215E22D7009518ED /* CAShapeLayer+YKCandleLayer.m */; };
		BB8F2B6E215E22D7009518ED /* CAShapeLayer+YKLineLayer.m in Sources */ = {isa = PBXBuildFile; fileRef = BB8F2B2E215E22D7009518ED /* CAShapeLayer+YKLineLayer.m */; };
		BB8F2B6F215E22D7009518ED /* CATextLayer+DateTextLayer.m in Sources */ = {isa = PBXBuildFile; fileRef = BB8F2B30215E22D7009518ED /* CATextLayer+DateTextLayer.m */; };
		BB8F2B70215E22D7009518ED /* UIBezierPath+YKBezierPath.m in Sources */ = {isa = PBXBuildFile; fileRef = BB8F2B32215E22D7009518ED /* UIBezierPath+YKBezierPath.m */; };
		BB8F2B71215E22D7009518ED /* Y_StockChartGlobalVariable.m in Sources */ = {isa = PBXBuildFile; fileRef = BB8F2B37215E22D7009518ED /* Y_StockChartGlobalVariable.m */; };
		BB8F2B72215E22D7009518ED /* UIColor+Y_StockChart.m in Sources */ = {isa = PBXBuildFile; fileRef = BB8F2B3A215E22D7009518ED /* UIColor+Y_StockChart.m */; };
		BB8F2B73215E22D7009518ED /* Y_AccessoryMAView.m in Sources */ = {isa = PBXBuildFile; fileRef = BB8F2B3E215E22D7009518ED /* Y_AccessoryMAView.m */; };
		BB8F2B74215E22D7009518ED /* Y_KLineAccessoryView.m in Sources */ = {isa = PBXBuildFile; fileRef = BB8F2B41215E22D7009518ED /* Y_KLineAccessoryView.m */; };
		BB8F2B75215E22D7009518ED /* Y_KLineMAView.m in Sources */ = {isa = PBXBuildFile; fileRef = BB8F2B44215E22D7009518ED /* Y_KLineMAView.m */; };
		BB8F2B76215E22D7009518ED /* Y_KLineMainView.m in Sources */ = {isa = PBXBuildFile; fileRef = BB8F2B47215E22D7009518ED /* Y_KLineMainView.m */; };
		BB8F2B77215E22D7009518ED /* Y_KLineGroupModel.m in Sources */ = {isa = PBXBuildFile; fileRef = BB8F2B4B215E22D7009518ED /* Y_KLineGroupModel.m */; };
		BB8F2B78215E22D7009518ED /* Y_KLineModel.m in Sources */ = {isa = PBXBuildFile; fileRef = BB8F2B4D215E22D7009518ED /* Y_KLineModel.m */; };
		BB8F2B79215E22D7009518ED /* Y_KLinePositionModel.m in Sources */ = {isa = PBXBuildFile; fileRef = BB8F2B4F215E22D7009518ED /* Y_KLinePositionModel.m */; };
		BB8F2B7A215E22D7009518ED /* Y_KLineVolumePositionModel.m in Sources */ = {isa = PBXBuildFile; fileRef = BB8F2B51215E22D7009518ED /* Y_KLineVolumePositionModel.m */; };
		BB8F2B7B215E22D7009518ED /* Y_StockChartRightYView.m in Sources */ = {isa = PBXBuildFile; fileRef = BB8F2B54215E22D7009518ED /* Y_StockChartRightYView.m */; };
		BB8F2B7C215E22D7009518ED /* Y_StockChartSegmentView.m in Sources */ = {isa = PBXBuildFile; fileRef = BB8F2B57215E22D7009518ED /* Y_StockChartSegmentView.m */; };
		BB8F2B7D215E22D7009518ED /* Y_VolumeMAView.m in Sources */ = {isa = PBXBuildFile; fileRef = BB8F2B5A215E22D7009518ED /* Y_VolumeMAView.m */; };
		BB8F2B7E215E22D7009518ED /* Y_KLineVolumeView.m in Sources */ = {isa = PBXBuildFile; fileRef = BB8F2B5D215E22D7009518ED /* Y_KLineVolumeView.m */; };
		BB8F2B7F215E22D7009518ED /* Y_KLineView.m in Sources */ = {isa = PBXBuildFile; fileRef = BB8F2B5F215E22D7009518ED /* Y_KLineView.m */; };
		BB8F2B80215E22D7009518ED /* Y_StockChartView.m in Sources */ = {isa = PBXBuildFile; fileRef = BB8F2B61215E22D7009518ED /* Y_StockChartView.m */; };
		BBB6AAFC216AE6B000C02D6A /* TardeViewCell.m in Sources */ = {isa = PBXBuildFile; fileRef = BBB6AAFB216AE6B000C02D6A /* TardeViewCell.m */; };
		BBB6AB00216AF80900C02D6A /* WalletCell.m in Sources */ = {isa = PBXBuildFile; fileRef = BBB6AAFF216AF80900C02D6A /* WalletCell.m */; };
		BBB6AB08216B280600C02D6A /* RECommonFunctions.m in Sources */ = {isa = PBXBuildFile; fileRef = BBB6AB03216B280600C02D6A /* RECommonFunctions.m */; };
		BBB6AB09216B280600C02D6A /* RESideMenu.m in Sources */ = {isa = PBXBuildFile; fileRef = BBB6AB05216B280600C02D6A /* RESideMenu.m */; };
		BBB6AB0A216B280600C02D6A /* UIViewController+RESideMenu.m in Sources */ = {isa = PBXBuildFile; fileRef = BBB6AB07216B280600C02D6A /* UIViewController+RESideMenu.m */; };
		BBDAD9D5214BA36D0058A57F /* MarketViewController.m in Sources */ = {isa = PBXBuildFile; fileRef = BBDAD9D4214BA36D0058A57F /* MarketViewController.m */; };
		BBDAD9D8214BA3990058A57F /* TardeViewController.m in Sources */ = {isa = PBXBuildFile; fileRef = BBDAD9D7214BA3990058A57F /* TardeViewController.m */; };
		BBDAD9DB214BA3A90058A57F /* WalletViewController.m in Sources */ = {isa = PBXBuildFile; fileRef = BBDAD9DA214BA3A90058A57F /* WalletViewController.m */; };
		BBDAD9DE214BA3B90058A57F /* AccountViewController.m in Sources */ = {isa = PBXBuildFile; fileRef = BBDAD9DD214BA3B90058A57F /* AccountViewController.m */; };
		BBDAD9E6214BA4620058A57F /* ZBBaseNavVC.m in Sources */ = {isa = PBXBuildFile; fileRef = BBDAD9E0214BA4610058A57F /* ZBBaseNavVC.m */; };
		BBDAD9E7214BA4620058A57F /* ZBTabBar.m in Sources */ = {isa = PBXBuildFile; fileRef = BBDAD9E4214BA4620058A57F /* ZBTabBar.m */; };
		BBDAD9E8214BA4620058A57F /* ZBTabBarController.m in Sources */ = {isa = PBXBuildFile; fileRef = BBDAD9E5214BA4620058A57F /* ZBTabBarController.m */; };
		BBDAD9FF214BAF7E0058A57F /* Market.storyboard in Resources */ = {isa = PBXBuildFile; fileRef = BBDAD9FE214BAF7E0058A57F /* Market.storyboard */; };
		BBDADA01214BAFA20058A57F /* Trade.storyboard in Resources */ = {isa = PBXBuildFile; fileRef = BBDADA00214BAFA20058A57F /* Trade.storyboard */; };
		BBDADA03214BAFBD0058A57F /* Wallet.storyboard in Resources */ = {isa = PBXBuildFile; fileRef = BBDADA02214BAFBD0058A57F /* Wallet.storyboard */; };
		BBDADA05214BAFCF0058A57F /* Account.storyboard in Resources */ = {isa = PBXBuildFile; fileRef = BBDADA04214BAFCF0058A57F /* Account.storyboard */; };
		DE505FF4DD841D53D9424869 /* libPods-ExCoin.a in Frameworks */ = {isa = PBXBuildFile; fileRef = D2EB500776BDB8E467686187 /* libPods-ExCoin.a */; };
/* End PBXBuildFile section */

/* Begin PBXFileReference section */
		6EA4343207EEF0A50482E929 /* Pods-ExCoin.release.xcconfig */ = {isa = PBXFileReference; includeInIndex = 1; lastKnownFileType = text.xcconfig; name = "Pods-ExCoin.release.xcconfig"; path = "Pods/Target Support Files/Pods-ExCoin/Pods-ExCoin.release.xcconfig"; sourceTree = "<group>"; };
		BB728EE92152208300CBE5BF /* UIColor+Extension.h */ = {isa = PBXFileReference; fileEncoding = 4; lastKnownFileType = sourcecode.c.h; path = "UIColor+Extension.h"; sourceTree = "<group>"; };
		BB728EEA2152208300CBE5BF /* UIColor+Extension.m */ = {isa = PBXFileReference; fileEncoding = 4; lastKnownFileType = sourcecode.c.objc; path = "UIColor+Extension.m"; sourceTree = "<group>"; };
		BB728EEC2152258D00CBE5BF /* MarketCell.h */ = {isa = PBXFileReference; lastKnownFileType = sourcecode.c.h; path = MarketCell.h; sourceTree = "<group>"; };
		BB728EED2152258D00CBE5BF /* MarketCell.m */ = {isa = PBXFileReference; lastKnownFileType = sourcecode.c.objc; path = MarketCell.m; sourceTree = "<group>"; };
		BB728EEE2152258D00CBE5BF /* MarketCell.xib */ = {isa = PBXFileReference; lastKnownFileType = file.xib; path = MarketCell.xib; sourceTree = "<group>"; };
		BB7AF067216CA21100951824 /* MarketListViewController6.h */ = {isa = PBXFileReference; lastKnownFileType = sourcecode.c.h; path = MarketListViewController6.h; sourceTree = "<group>"; };
		BB7AF068216CA21100951824 /* MarketListViewController6.m */ = {isa = PBXFileReference; lastKnownFileType = sourcecode.c.objc; path = MarketListViewController6.m; sourceTree = "<group>"; };
		BB7D14012150951700E7FA5F /* MarketListViewController1.h */ = {isa = PBXFileReference; lastKnownFileType = sourcecode.c.h; path = MarketListViewController1.h; sourceTree = "<group>"; };
		BB7D14022150951700E7FA5F /* MarketListViewController1.m */ = {isa = PBXFileReference; lastKnownFileType = sourcecode.c.objc; path = MarketListViewController1.m; sourceTree = "<group>"; };
		BB7D1405215095CE00E7FA5F /* XQQScrollBtn.h */ = {isa = PBXFileReference; fileEncoding = 4; lastKnownFileType = sourcecode.c.h; path = XQQScrollBtn.h; sourceTree = "<group>"; };
		BB7D1406215095CE00E7FA5F /* XQQScrollBtn.m */ = {isa = PBXFileReference; fileEncoding = 4; lastKnownFileType = sourcecode.c.objc; path = XQQScrollBtn.m; sourceTree = "<group>"; };
		BB7D1407215095CE00E7FA5F /* XQQScrollerMenuView.h */ = {isa = PBXFileReference; fileEncoding = 4; lastKnownFileType = sourcecode.c.h; path = XQQScrollerMenuView.h; sourceTree = "<group>"; };
		BB7D1408215095CE00E7FA5F /* XQQScrollerMenuView.m */ = {isa = PBXFileReference; fileEncoding = 4; lastKnownFileType = sourcecode.c.objc; path = XQQScrollerMenuView.m; sourceTree = "<group>"; };
		BB7D140E2150D31200E7FA5F /* MarketListViewController2.h */ = {isa = PBXFileReference; lastKnownFileType = sourcecode.c.h; path = MarketListViewController2.h; sourceTree = "<group>"; };
		BB7D140F2150D31200E7FA5F /* MarketListViewController2.m */ = {isa = PBXFileReference; lastKnownFileType = sourcecode.c.objc; path = MarketListViewController2.m; sourceTree = "<group>"; };
		BB7D14112150D31F00E7FA5F /* MarketListViewController3.h */ = {isa = PBXFileReference; lastKnownFileType = sourcecode.c.h; path = MarketListViewController3.h; sourceTree = "<group>"; };
		BB7D14122150D32000E7FA5F /* MarketListViewController3.m */ = {isa = PBXFileReference; lastKnownFileType = sourcecode.c.objc; path = MarketListViewController3.m; sourceTree = "<group>"; };
		BB7D14142150D32B00E7FA5F /* MarketListViewController4.h */ = {isa = PBXFileReference; lastKnownFileType = sourcecode.c.h; path = MarketListViewController4.h; sourceTree = "<group>"; };
		BB7D14152150D32B00E7FA5F /* MarketListViewController4.m */ = {isa = PBXFileReference; lastKnownFileType = sourcecode.c.objc; path = MarketListViewController4.m; sourceTree = "<group>"; };
		BB7D14172150D33600E7FA5F /* MarketListViewController5.h */ = {isa = PBXFileReference; lastKnownFileType = sourcecode.c.h; path = MarketListViewController5.h; sourceTree = "<group>"; };
		BB7D14182150D33600E7FA5F /* MarketListViewController5.m */ = {isa = PBXFileReference; lastKnownFileType = sourcecode.c.objc; path = MarketListViewController5.m; sourceTree = "<group>"; };
		BB80943B215374760044ED5B /* MarketModel.h */ = {isa = PBXFileReference; lastKnownFileType = sourcecode.c.h; path = MarketModel.h; sourceTree = "<group>"; };
		BB80943C215374760044ED5B /* MarketModel.m */ = {isa = PBXFileReference; lastKnownFileType = sourcecode.c.objc; path = MarketModel.m; sourceTree = "<group>"; };
		BB88CE322159D10500ED12C7 /* MarketDetailViewController.h */ = {isa = PBXFileReference; lastKnownFileType = sourcecode.c.h; path = MarketDetailViewController.h; sourceTree = "<group>"; };
		BB88CE332159D10500ED12C7 /* MarketDetailViewController.m */ = {isa = PBXFileReference; lastKnownFileType = sourcecode.c.objc; path = MarketDetailViewController.m; sourceTree = "<group>"; };
		BB89B562214B8BC900B00E62 /* ExCoin.app */ = {isa = PBXFileReference; explicitFileType = wrapper.application; includeInIndex = 0; path = ExCoin.app; sourceTree = BUILT_PRODUCTS_DIR; };
		BB89B565214B8BC900B00E62 /* AppDelegate.h */ = {isa = PBXFileReference; lastKnownFileType = sourcecode.c.h; path = AppDelegate.h; sourceTree = "<group>"; };
		BB89B566214B8BC900B00E62 /* AppDelegate.m */ = {isa = PBXFileReference; lastKnownFileType = sourcecode.c.objc; path = AppDelegate.m; sourceTree = "<group>"; };
		BB89B568214B8BC900B00E62 /* ViewController.h */ = {isa = PBXFileReference; lastKnownFileType = sourcecode.c.h; path = ViewController.h; sourceTree = "<group>"; };
		BB89B569214B8BC900B00E62 /* ViewController.m */ = {isa = PBXFileReference; lastKnownFileType = sourcecode.c.objc; path = ViewController.m; sourceTree = "<group>"; };
		BB89B56C214B8BC900B00E62 /* Base */ = {isa = PBXFileReference; lastKnownFileType = file.storyboard; name = Base; path = Base.lproj/Main.storyboard; sourceTree = "<group>"; };
		BB89B56E214B8BC900B00E62 /* Assets.xcassets */ = {isa = PBXFileReference; lastKnownFileType = folder.assetcatalog; path = Assets.xcassets; sourceTree = "<group>"; };
		BB89B571214B8BC900B00E62 /* Base */ = {isa = PBXFileReference; lastKnownFileType = file.storyboard; name = Base; path = Base.lproj/LaunchScreen.storyboard; sourceTree = "<group>"; };
		BB89B573214B8BC900B00E62 /* Info.plist */ = {isa = PBXFileReference; lastKnownFileType = text.plist.xml; path = Info.plist; sourceTree = "<group>"; };
		BB89B574214B8BC900B00E62 /* main.m */ = {isa = PBXFileReference; lastKnownFileType = sourcecode.c.objc; path = main.m; sourceTree = "<group>"; };
		BB8A00E9215F5D5100D7035A /* CLCustomSwitch.h */ = {isa = PBXFileReference; fileEncoding = 4; lastKnownFileType = sourcecode.c.h; path = CLCustomSwitch.h; sourceTree = "<group>"; };
		BB8A00EA215F5D5100D7035A /* CLCustomSwitch.m */ = {isa = PBXFileReference; fileEncoding = 4; lastKnownFileType = sourcecode.c.objc; path = CLCustomSwitch.m; sourceTree = "<group>"; };
		BB8F2B0A215E0F13009518ED /* NetWorking.h */ = {isa = PBXFileReference; fileEncoding = 4; lastKnownFileType = sourcecode.c.h; path = NetWorking.h; sourceTree = "<group>"; };
		BB8F2B0B215E0F13009518ED /* NetWorking.m */ = {isa = PBXFileReference; fileEncoding = 4; lastKnownFileType = sourcecode.c.objc; path = NetWorking.m; sourceTree = "<group>"; };
		BB8F2B0E215E22D7009518ED /* Info.plist */ = {isa = PBXFileReference; fileEncoding = 4; lastKnownFileType = text.plist.xml; path = Info.plist; sourceTree = "<group>"; };
		BB8F2B0F215E22D7009518ED /* MASCompositeConstraint.h */ = {isa = PBXFileReference; fileEncoding = 4; lastKnownFileType = sourcecode.c.h; path = MASCompositeConstraint.h; sourceTree = "<group>"; };
		BB8F2B10215E22D7009518ED /* MASCompositeConstraint.m */ = {isa = PBXFileReference; fileEncoding = 4; lastKnownFileType = sourcecode.c.objc; path = MASCompositeConstraint.m; sourceTree = "<group>"; };
		BB8F2B11215E22D7009518ED /* MASConstraint+Private.h */ = {isa = PBXFileReference; fileEncoding = 4; lastKnownFileType = sourcecode.c.h; path = "MASConstraint+Private.h"; sourceTree = "<group>"; };
		BB8F2B12215E22D7009518ED /* MASConstraint.h */ = {isa = PBXFileReference; fileEncoding = 4; lastKnownFileType = sourcecode.c.h; path = MASConstraint.h; sourceTree = "<group>"; };
		BB8F2B13215E22D7009518ED /* MASConstraint.m */ = {isa = PBXFileReference; fileEncoding = 4; lastKnownFileType = sourcecode.c.objc; path = MASConstraint.m; sourceTree = "<group>"; };
		BB8F2B14215E22D7009518ED /* MASConstraintMaker.h */ = {isa = PBXFileReference; fileEncoding = 4; lastKnownFileType = sourcecode.c.h; path = MASConstraintMaker.h; sourceTree = "<group>"; };
		BB8F2B15215E22D7009518ED /* MASConstraintMaker.m */ = {isa = PBXFileReference; fileEncoding = 4; lastKnownFileType = sourcecode.c.objc; path = MASConstraintMaker.m; sourceTree = "<group>"; };
		BB8F2B16215E22D7009518ED /* MASLayoutConstraint.h */ = {isa = PBXFileReference; fileEncoding = 4; lastKnownFileType = sourcecode.c.h; path = MASLayoutConstraint.h; sourceTree = "<group>"; };
		BB8F2B17215E22D7009518ED /* MASLayoutConstraint.m */ = {isa = PBXFileReference; fileEncoding = 4; lastKnownFileType = sourcecode.c.objc; path = MASLayoutConstraint.m; sourceTree = "<group>"; };
		BB8F2B18215E22D7009518ED /* Masonry.h */ = {isa = PBXFileReference; fileEncoding = 4; lastKnownFileType = sourcecode.c.h; path = Masonry.h; sourceTree = "<group>"; };
		BB8F2B19215E22D7009518ED /* MASUtilities.h */ = {isa = PBXFileReference; fileEncoding = 4; lastKnownFileType = sourcecode.c.h; path = MASUtilities.h; sourceTree = "<group>"; };
		BB8F2B1A215E22D7009518ED /* MASViewAttribute.h */ = {isa = PBXFileReference; fileEncoding = 4; lastKnownFileType = sourcecode.c.h; path = MASViewAttribute.h; sourceTree = "<group>"; };
		BB8F2B1B215E22D7009518ED /* MASViewAttribute.m */ = {isa = PBXFileReference; fileEncoding = 4; lastKnownFileType = sourcecode.c.objc; path = MASViewAttribute.m; sourceTree = "<group>"; };
		BB8F2B1C215E22D7009518ED /* MASViewConstraint.h */ = {isa = PBXFileReference; fileEncoding = 4; lastKnownFileType = sourcecode.c.h; path = MASViewConstraint.h; sourceTree = "<group>"; };
		BB8F2B1D215E22D7009518ED /* MASViewConstraint.m */ = {isa = PBXFileReference; fileEncoding = 4; lastKnownFileType = sourcecode.c.objc; path = MASViewConstraint.m; sourceTree = "<group>"; };
		BB8F2B1E215E22D7009518ED /* NSArray+MASAdditions.h */ = {isa = PBXFileReference; fileEncoding = 4; lastKnownFileType = sourcecode.c.h; path = "NSArray+MASAdditions.h"; sourceTree = "<group>"; };
		BB8F2B1F215E22D7009518ED /* NSArray+MASAdditions.m */ = {isa = PBXFileReference; fileEncoding = 4; lastKnownFileType = sourcecode.c.objc; path = "NSArray+MASAdditions.m"; sourceTree = "<group>"; };
		BB8F2B20215E22D7009518ED /* NSArray+MASShorthandAdditions.h */ = {isa = PBXFileReference; fileEncoding = 4; lastKnownFileType = sourcecode.c.h; path = "NSArray+MASShorthandAdditions.h"; sourceTree = "<group>"; };
		BB8F2B21215E22D7009518ED /* NSLayoutConstraint+MASDebugAdditions.h */ = {isa = PBXFileReference; fileEncoding = 4; lastKnownFileType = sourcecode.c.h; path = "NSLayoutConstraint+MASDebugAdditions.h"; sourceTree = "<group>"; };
		BB8F2B22215E22D7009518ED /* NSLayoutConstraint+MASDebugAdditions.m */ = {isa = PBXFileReference; fileEncoding = 4; lastKnownFileType = sourcecode.c.objc; path = "NSLayoutConstraint+MASDebugAdditions.m"; sourceTree = "<group>"; };
		BB8F2B23215E22D7009518ED /* View+MASAdditions.h */ = {isa = PBXFileReference; fileEncoding = 4; lastKnownFileType = sourcecode.c.h; path = "View+MASAdditions.h"; sourceTree = "<group>"; };
		BB8F2B24215E22D7009518ED /* View+MASAdditions.m */ = {isa = PBXFileReference; fileEncoding = 4; lastKnownFileType = sourcecode.c.objc; path = "View+MASAdditions.m"; sourceTree = "<group>"; };
		BB8F2B25215E22D7009518ED /* View+MASShorthandAdditions.h */ = {isa = PBXFileReference; fileEncoding = 4; lastKnownFileType = sourcecode.c.h; path = "View+MASShorthandAdditions.h"; sourceTree = "<group>"; };
		BB8F2B26215E22D7009518ED /* ViewController+MASAdditions.h */ = {isa = PBXFileReference; fileEncoding = 4; lastKnownFileType = sourcecode.c.h; path = "ViewController+MASAdditions.h"; sourceTree = "<group>"; };
		BB8F2B27215E22D7009518ED /* ViewController+MASAdditions.m */ = {isa = PBXFileReference; fileEncoding = 4; lastKnownFileType = sourcecode.c.objc; path = "ViewController+MASAdditions.m"; sourceTree = "<group>"; };
		BB8F2B2B215E22D7009518ED /* CAShapeLayer+YKCandleLayer.h */ = {isa = PBXFileReference; fileEncoding = 4; lastKnownFileType = sourcecode.c.h; path = "CAShapeLayer+YKCandleLayer.h"; sourceTree = "<group>"; };
		BB8F2B2C215E22D7009518ED /* CAShapeLayer+YKCandleLayer.m */ = {isa = PBXFileReference; fileEncoding = 4; lastKnownFileType = sourcecode.c.objc; path = "CAShapeLayer+YKCandleLayer.m"; sourceTree = "<group>"; };
		BB8F2B2D215E22D7009518ED /* CAShapeLayer+YKLineLayer.h */ = {isa = PBXFileReference; fileEncoding = 4; lastKnownFileType = sourcecode.c.h; path = "CAShapeLayer+YKLineLayer.h"; sourceTree = "<group>"; };
		BB8F2B2E215E22D7009518ED /* CAShapeLayer+YKLineLayer.m */ = {isa = PBXFileReference; fileEncoding = 4; lastKnownFileType = sourcecode.c.objc; path = "CAShapeLayer+YKLineLayer.m"; sourceTree = "<group>"; };
		BB8F2B2F215E22D7009518ED /* CATextLayer+DateTextLayer.h */ = {isa = PBXFileReference; fileEncoding = 4; lastKnownFileType = sourcecode.c.h; path = "CATextLayer+DateTextLayer.h"; sourceTree = "<group>"; };
		BB8F2B30215E22D7009518ED /* CATextLayer+DateTextLayer.m */ = {isa = PBXFileReference; fileEncoding = 4; lastKnownFileType = sourcecode.c.objc; path = "CATextLayer+DateTextLayer.m"; sourceTree = "<group>"; };
		BB8F2B31215E22D7009518ED /* UIBezierPath+YKBezierPath.h */ = {isa = PBXFileReference; fileEncoding = 4; lastKnownFileType = sourcecode.c.h; path = "UIBezierPath+YKBezierPath.h"; sourceTree = "<group>"; };
		BB8F2B32215E22D7009518ED /* UIBezierPath+YKBezierPath.m */ = {isa = PBXFileReference; fileEncoding = 4; lastKnownFileType = sourcecode.c.objc; path = "UIBezierPath+YKBezierPath.m"; sourceTree = "<group>"; };
		BB8F2B34215E22D7009518ED /* Y_StockChartConstant.h */ = {isa = PBXFileReference; fileEncoding = 4; lastKnownFileType = sourcecode.c.h; path = Y_StockChartConstant.h; sourceTree = "<group>"; };
		BB8F2B36215E22D7009518ED /* Y_StockChartGlobalVariable.h */ = {isa = PBXFileReference; fileEncoding = 4; lastKnownFileType = sourcecode.c.h; path = Y_StockChartGlobalVariable.h; sourceTree = "<group>"; };
		BB8F2B37215E22D7009518ED /* Y_StockChartGlobalVariable.m */ = {isa = PBXFileReference; fileEncoding = 4; lastKnownFileType = sourcecode.c.objc; path = Y_StockChartGlobalVariable.m; sourceTree = "<group>"; };
		BB8F2B39215E22D7009518ED /* UIColor+Y_StockChart.h */ = {isa = PBXFileReference; fileEncoding = 4; lastKnownFileType = sourcecode.c.h; path = "UIColor+Y_StockChart.h"; sourceTree = "<group>"; };
		BB8F2B3A215E22D7009518ED /* UIColor+Y_StockChart.m */ = {isa = PBXFileReference; fileEncoding = 4; lastKnownFileType = sourcecode.c.objc; path = "UIColor+Y_StockChart.m"; sourceTree = "<group>"; };
		BB8F2B3D215E22D7009518ED /* Y_AccessoryMAView.h */ = {isa = PBXFileReference; fileEncoding = 4; lastKnownFileType = sourcecode.c.h; path = Y_AccessoryMAView.h; sourceTree = "<group>"; };
		BB8F2B3E215E22D7009518ED /* Y_AccessoryMAView.m */ = {isa = PBXFileReference; fileEncoding = 4; lastKnownFileType = sourcecode.c.objc; path = Y_AccessoryMAView.m; sourceTree = "<group>"; };
		BB8F2B40215E22D7009518ED /* Y_KLineAccessoryView.h */ = {isa = PBXFileReference; fileEncoding = 4; lastKnownFileType = sourcecode.c.h; path = Y_KLineAccessoryView.h; sourceTree = "<group>"; };
		BB8F2B41215E22D7009518ED /* Y_KLineAccessoryView.m */ = {isa = PBXFileReference; fileEncoding = 4; lastKnownFileType = sourcecode.c.objc; path = Y_KLineAccessoryView.m; sourceTree = "<group>"; };
		BB8F2B43215E22D7009518ED /* Y_KLineMAView.h */ = {isa = PBXFileReference; fileEncoding = 4; lastKnownFileType = sourcecode.c.h; path = Y_KLineMAView.h; sourceTree = "<group>"; };
		BB8F2B44215E22D7009518ED /* Y_KLineMAView.m */ = {isa = PBXFileReference; fileEncoding = 4; lastKnownFileType = sourcecode.c.objc; path = Y_KLineMAView.m; sourceTree = "<group>"; };
		BB8F2B46215E22D7009518ED /* Y_KLineMainView.h */ = {isa = PBXFileReference; fileEncoding = 4; lastKnownFileType = sourcecode.c.h; path = Y_KLineMainView.h; sourceTree = "<group>"; };
		BB8F2B47215E22D7009518ED /* Y_KLineMainView.m */ = {isa = PBXFileReference; fileEncoding = 4; lastKnownFileType = sourcecode.c.objc; path = Y_KLineMainView.m; sourceTree = "<group>"; };
		BB8F2B4A215E22D7009518ED /* Y_KLineGroupModel.h */ = {isa = PBXFileReference; fileEncoding = 4; lastKnownFileType = sourcecode.c.h; path = Y_KLineGroupModel.h; sourceTree = "<group>"; };
		BB8F2B4B215E22D7009518ED /* Y_KLineGroupModel.m */ = {isa = PBXFileReference; fileEncoding = 4; lastKnownFileType = sourcecode.c.objc; path = Y_KLineGroupModel.m; sourceTree = "<group>"; };
		BB8F2B4C215E22D7009518ED /* Y_KLineModel.h */ = {isa = PBXFileReference; fileEncoding = 4; lastKnownFileType = sourcecode.c.h; path = Y_KLineModel.h; sourceTree = "<group>"; };
		BB8F2B4D215E22D7009518ED /* Y_KLineModel.m */ = {isa = PBXFileReference; fileEncoding = 4; lastKnownFileType = sourcecode.c.objc; path = Y_KLineModel.m; sourceTree = "<group>"; };
		BB8F2B4E215E22D7009518ED /* Y_KLinePositionModel.h */ = {isa = PBXFileReference; fileEncoding = 4; lastKnownFileType = sourcecode.c.h; path = Y_KLinePositionModel.h; sourceTree = "<group>"; };
		BB8F2B4F215E22D7009518ED /* Y_KLinePositionModel.m */ = {isa = PBXFileReference; fileEncoding = 4; lastKnownFileType = sourcecode.c.objc; path = Y_KLinePositionModel.m; sourceTree = "<group>"; };
		BB8F2B50215E22D7009518ED /* Y_KLineVolumePositionModel.h */ = {isa = PBXFileReference; fileEncoding = 4; lastKnownFileType = sourcecode.c.h; path = Y_KLineVolumePositionModel.h; sourceTree = "<group>"; };
		BB8F2B51215E22D7009518ED /* Y_KLineVolumePositionModel.m */ = {isa = PBXFileReference; fileEncoding = 4; lastKnownFileType = sourcecode.c.objc; path = Y_KLineVolumePositionModel.m; sourceTree = "<group>"; };
		BB8F2B53215E22D7009518ED /* Y_StockChartRightYView.h */ = {isa = PBXFileReference; fileEncoding = 4; lastKnownFileType = sourcecode.c.h; path = Y_StockChartRightYView.h; sourceTree = "<group>"; };
		BB8F2B54215E22D7009518ED /* Y_StockChartRightYView.m */ = {isa = PBXFileReference; fileEncoding = 4; lastKnownFileType = sourcecode.c.objc; path = Y_StockChartRightYView.m; sourceTree = "<group>"; };
		BB8F2B56215E22D7009518ED /* Y_StockChartSegmentView.h */ = {isa = PBXFileReference; fileEncoding = 4; lastKnownFileType = sourcecode.c.h; path = Y_StockChartSegmentView.h; sourceTree = "<group>"; };
		BB8F2B57215E22D7009518ED /* Y_StockChartSegmentView.m */ = {isa = PBXFileReference; fileEncoding = 4; lastKnownFileType = sourcecode.c.objc; path = Y_StockChartSegmentView.m; sourceTree = "<group>"; };
		BB8F2B59215E22D7009518ED /* Y_VolumeMAView.h */ = {isa = PBXFileReference; fileEncoding = 4; lastKnownFileType = sourcecode.c.h; path = Y_VolumeMAView.h; sourceTree = "<group>"; };
		BB8F2B5A215E22D7009518ED /* Y_VolumeMAView.m */ = {isa = PBXFileReference; fileEncoding = 4; lastKnownFileType = sourcecode.c.objc; path = Y_VolumeMAView.m; sourceTree = "<group>"; };
		BB8F2B5C215E22D7009518ED /* Y_KLineVolumeView.h */ = {isa = PBXFileReference; fileEncoding = 4; lastKnownFileType = sourcecode.c.h; path = Y_KLineVolumeView.h; sourceTree = "<group>"; };
		BB8F2B5D215E22D7009518ED /* Y_KLineVolumeView.m */ = {isa = PBXFileReference; fileEncoding = 4; lastKnownFileType = sourcecode.c.objc; path = Y_KLineVolumeView.m; sourceTree = "<group>"; };
		BB8F2B5E215E22D7009518ED /* Y_KLineView.h */ = {isa = PBXFileReference; fileEncoding = 4; lastKnownFileType = sourcecode.c.h; path = Y_KLineView.h; sourceTree = "<group>"; };
		BB8F2B5F215E22D7009518ED /* Y_KLineView.m */ = {isa = PBXFileReference; fileEncoding = 4; lastKnownFileType = sourcecode.c.objc; path = Y_KLineView.m; sourceTree = "<group>"; };
		BB8F2B60215E22D7009518ED /* Y_StockChartView.h */ = {isa = PBXFileReference; fileEncoding = 4; lastKnownFileType = sourcecode.c.h; path = Y_StockChartView.h; sourceTree = "<group>"; };
		BB8F2B61215E22D7009518ED /* Y_StockChartView.m */ = {isa = PBXFileReference; fileEncoding = 4; lastKnownFileType = sourcecode.c.objc; path = Y_StockChartView.m; sourceTree = "<group>"; };
		BBB6AAFA216AE6B000C02D6A /* TardeViewCell.h */ = {isa = PBXFileReference; lastKnownFileType = sourcecode.c.h; path = TardeViewCell.h; sourceTree = "<group>"; };
		BBB6AAFB216AE6B000C02D6A /* TardeViewCell.m */ = {isa = PBXFileReference; lastKnownFileType = sourcecode.c.objc; path = TardeViewCell.m; sourceTree = "<group>"; };
		BBB6AAFE216AF80900C02D6A /* WalletCell.h */ = {isa = PBXFileReference; lastKnownFileType = sourcecode.c.h; path = WalletCell.h; sourceTree = "<group>"; };
		BBB6AAFF216AF80900C02D6A /* WalletCell.m */ = {isa = PBXFileReference; lastKnownFileType = sourcecode.c.objc; path = WalletCell.m; sourceTree = "<group>"; };
		BBB6AB02216B280600C02D6A /* RECommonFunctions.h */ = {isa = PBXFileReference; fileEncoding = 4; lastKnownFileType = sourcecode.c.h; path = RECommonFunctions.h; sourceTree = "<group>"; };
		BBB6AB03216B280600C02D6A /* RECommonFunctions.m */ = {isa = PBXFileReference; fileEncoding = 4; lastKnownFileType = sourcecode.c.objc; path = RECommonFunctions.m; sourceTree = "<group>"; };
		BBB6AB04216B280600C02D6A /* RESideMenu.h */ = {isa = PBXFileReference; fileEncoding = 4; lastKnownFileType = sourcecode.c.h; path = RESideMenu.h; sourceTree = "<group>"; };
		BBB6AB05216B280600C02D6A /* RESideMenu.m */ = {isa = PBXFileReference; fileEncoding = 4; lastKnownFileType = sourcecode.c.objc; path = RESideMenu.m; sourceTree = "<group>"; };
		BBB6AB06216B280600C02D6A /* UIViewController+RESideMenu.h */ = {isa = PBXFileReference; fileEncoding = 4; lastKnownFileType = sourcecode.c.h; path = "UIViewController+RESideMenu.h"; sourceTree = "<group>"; };
		BBB6AB07216B280600C02D6A /* UIViewController+RESideMenu.m */ = {isa = PBXFileReference; fileEncoding = 4; lastKnownFileType = sourcecode.c.objc; path = "UIViewController+RESideMenu.m"; sourceTree = "<group>"; };
		BBDAD9D3214BA36D0058A57F /* MarketViewController.h */ = {isa = PBXFileReference; lastKnownFileType = sourcecode.c.h; path = MarketViewController.h; sourceTree = "<group>"; };
		BBDAD9D4214BA36D0058A57F /* MarketViewController.m */ = {isa = PBXFileReference; lastKnownFileType = sourcecode.c.objc; path = MarketViewController.m; sourceTree = "<group>"; };
		BBDAD9D6214BA3990058A57F /* TardeViewController.h */ = {isa = PBXFileReference; lastKnownFileType = sourcecode.c.h; path = TardeViewController.h; sourceTree = "<group>"; };
		BBDAD9D7214BA3990058A57F /* TardeViewController.m */ = {isa = PBXFileReference; lastKnownFileType = sourcecode.c.objc; path = TardeViewController.m; sourceTree = "<group>"; };
		BBDAD9D9214BA3A90058A57F /* WalletViewController.h */ = {isa = PBXFileReference; lastKnownFileType = sourcecode.c.h; path = WalletViewController.h; sourceTree = "<group>"; };
		BBDAD9DA214BA3A90058A57F /* WalletViewController.m */ = {isa = PBXFileReference; lastKnownFileType = sourcecode.c.objc; path = WalletViewController.m; sourceTree = "<group>"; };
		BBDAD9DC214BA3B90058A57F /* AccountViewController.h */ = {isa = PBXFileReference; lastKnownFileType = sourcecode.c.h; path = AccountViewController.h; sourceTree = "<group>"; };
		BBDAD9DD214BA3B90058A57F /* AccountViewController.m */ = {isa = PBXFileReference; lastKnownFileType = sourcecode.c.objc; path = AccountViewController.m; sourceTree = "<group>"; };
		BBDAD9E0214BA4610058A57F /* ZBBaseNavVC.m */ = {isa = PBXFileReference; fileEncoding = 4; lastKnownFileType = sourcecode.c.objc; path = ZBBaseNavVC.m; sourceTree = "<group>"; };
		BBDAD9E1214BA4620058A57F /* ZBTabBarController.h */ = {isa = PBXFileReference; fileEncoding = 4; lastKnownFileType = sourcecode.c.h; path = ZBTabBarController.h; sourceTree = "<group>"; };
		BBDAD9E2214BA4620058A57F /* ZBTabBar.h */ = {isa = PBXFileReference; fileEncoding = 4; lastKnownFileType = sourcecode.c.h; path = ZBTabBar.h; sourceTree = "<group>"; };
		BBDAD9E3214BA4620058A57F /* ZBBaseNavVC.h */ = {isa = PBXFileReference; fileEncoding = 4; lastKnownFileType = sourcecode.c.h; path = ZBBaseNavVC.h; sourceTree = "<group>"; };
		BBDAD9E4214BA4620058A57F /* ZBTabBar.m */ = {isa = PBXFileReference; fileEncoding = 4; lastKnownFileType = sourcecode.c.objc; path = ZBTabBar.m; sourceTree = "<group>"; };
		BBDAD9E5214BA4620058A57F /* ZBTabBarController.m */ = {isa = PBXFileReference; fileEncoding = 4; lastKnownFileType = sourcecode.c.objc; path = ZBTabBarController.m; sourceTree = "<group>"; };
		BBDAD9E9214BA54E0058A57F /* PrefixHeader.pch */ = {isa = PBXFileReference; lastKnownFileType = sourcecode.c.h; path = PrefixHeader.pch; sourceTree = "<group>"; };
		BBDAD9FD214BAD160058A57F /* Macros.h */ = {isa = PBXFileReference; fileEncoding = 4; lastKnownFileType = sourcecode.c.h; path = Macros.h; sourceTree = "<group>"; };
		BBDAD9FE214BAF7E0058A57F /* Market.storyboard */ = {isa = PBXFileReference; lastKnownFileType = file.storyboard; path = Market.storyboard; sourceTree = "<group>"; };
		BBDADA00214BAFA20058A57F /* Trade.storyboard */ = {isa = PBXFileReference; lastKnownFileType = file.storyboard; path = Trade.storyboard; sourceTree = "<group>"; };
		BBDADA02214BAFBD0058A57F /* Wallet.storyboard */ = {isa = PBXFileReference; lastKnownFileType = file.storyboard; path = Wallet.storyboard; sourceTree = "<group>"; };
		BBDADA04214BAFCF0058A57F /* Account.storyboard */ = {isa = PBXFileReference; lastKnownFileType = file.storyboard; path = Account.storyboard; sourceTree = "<group>"; };
		C34E92B5567E8576F8CB4BD2 /* Pods-ExCoin.debug.xcconfig */ = {isa = PBXFileReference; includeInIndex = 1; lastKnownFileType = text.xcconfig; name = "Pods-ExCoin.debug.xcconfig"; path = "Pods/Target Support Files/Pods-ExCoin/Pods-ExCoin.debug.xcconfig"; sourceTree = "<group>"; };
		D2EB500776BDB8E467686187 /* libPods-ExCoin.a */ = {isa = PBXFileReference; explicitFileType = archive.ar; includeInIndex = 0; path = "libPods-ExCoin.a"; sourceTree = BUILT_PRODUCTS_DIR; };
/* End PBXFileReference section */

/* Begin PBXFrameworksBuildPhase section */
		BB89B55F214B8BC900B00E62 /* Frameworks */ = {
			isa = PBXFrameworksBuildPhase;
			buildActionMask = 2147483647;
			files = (
				DE505FF4DD841D53D9424869 /* libPods-ExCoin.a in Frameworks */,
			);
			runOnlyForDeploymentPostprocessing = 0;
		};
/* End PBXFrameworksBuildPhase section */

/* Begin PBXGroup section */
		35E9874DB8D591E238D9781B /* Pods */ = {
			isa = PBXGroup;
			children = (
				C34E92B5567E8576F8CB4BD2 /* Pods-ExCoin.debug.xcconfig */,
				6EA4343207EEF0A50482E929 /* Pods-ExCoin.release.xcconfig */,
			);
			name = Pods;
			sourceTree = "<group>";
		};
		77254F2712A10591BA928F0E /* Frameworks */ = {
			isa = PBXGroup;
			children = (
				D2EB500776BDB8E467686187 /* libPods-ExCoin.a */,
			);
			name = Frameworks;
			sourceTree = "<group>";
		};
		BB728EE82152208300CBE5BF /* Category(分类) */ = {
			isa = PBXGroup;
			children = (
				BB728EE92152208300CBE5BF /* UIColor+Extension.h */,
				BB728EEA2152208300CBE5BF /* UIColor+Extension.m */,
			);
			path = "Category(分类)";
			sourceTree = "<group>";
		};
		BB7D1404215095CE00E7FA5F /* XQQScrollerMenuView(顶部菜单) */ = {
			isa = PBXGroup;
			children = (
				BB7D1405215095CE00E7FA5F /* XQQScrollBtn.h */,
				BB7D1406215095CE00E7FA5F /* XQQScrollBtn.m */,
				BB7D1407215095CE00E7FA5F /* XQQScrollerMenuView.h */,
				BB7D1408215095CE00E7FA5F /* XQQScrollerMenuView.m */,
			);
			path = "XQQScrollerMenuView(顶部菜单)";
			sourceTree = "<group>";
		};
		BB7D141A2150D34900E7FA5F /* MarketListViewController */ = {
			isa = PBXGroup;
			children = (
				BB7D14012150951700E7FA5F /* MarketListViewController1.h */,
				BB7D14022150951700E7FA5F /* MarketListViewController1.m */,
				BB7D140E2150D31200E7FA5F /* MarketListViewController2.h */,
				BB7D140F2150D31200E7FA5F /* MarketListViewController2.m */,
				BB7D14112150D31F00E7FA5F /* MarketListViewController3.h */,
				BB7D14122150D32000E7FA5F /* MarketListViewController3.m */,
				BB7D14142150D32B00E7FA5F /* MarketListViewController4.h */,
				BB7D14152150D32B00E7FA5F /* MarketListViewController4.m */,
				BB7D14172150D33600E7FA5F /* MarketListViewController5.h */,
				BB7D14182150D33600E7FA5F /* MarketListViewController5.m */,
				BB7AF067216CA21100951824 /* MarketListViewController6.h */,
				BB7AF068216CA21100951824 /* MarketListViewController6.m */,
				BB88CE322159D10500ED12C7 /* MarketDetailViewController.h */,
				BB88CE332159D10500ED12C7 /* MarketDetailViewController.m */,
			);
			path = MarketListViewController;
			sourceTree = "<group>";
		};
		BB89B559214B8BC900B00E62 = {
			isa = PBXGroup;
			children = (
				BB89B564214B8BC900B00E62 /* ExCoin */,
				BB89B563214B8BC900B00E62 /* Products */,
				35E9874DB8D591E238D9781B /* Pods */,
				77254F2712A10591BA928F0E /* Frameworks */,
			);
			sourceTree = "<group>";
		};
		BB89B563214B8BC900B00E62 /* Products */ = {
			isa = PBXGroup;
			children = (
				BB89B562214B8BC900B00E62 /* ExCoin.app */,
			);
			name = Products;
			sourceTree = "<group>";
		};
		BB89B564214B8BC900B00E62 /* ExCoin */ = {
			isa = PBXGroup;
			children = (
				BB89B565214B8BC900B00E62 /* AppDelegate.h */,
				BB89B566214B8BC900B00E62 /* AppDelegate.m */,
				BB89B568214B8BC900B00E62 /* ViewController.h */,
				BB89B569214B8BC900B00E62 /* ViewController.m */,
				BBDAD9EA214BA6460058A57F /* Libs */,
				BBDAD9DF214BA3D80058A57F /* Main */,
				BBDAD9BF214B9E190058A57F /* Market(行情) */,
				BBDAD9C0214B9E240058A57F /* Trade(交易) */,
				BBDAD9C1214B9E2F0058A57F /* Wallet(钱包) */,
				BBDAD9C2214B9E370058A57F /* Account(账户) */,
				BB89B57B214B8C5300B00E62 /* Support */,
			);
			path = ExCoin;
			sourceTree = "<group>";
		};
		BB89B57B214B8C5300B00E62 /* Support */ = {
			isa = PBXGroup;
			children = (
				BB89B56B214B8BC900B00E62 /* Main.storyboard */,
				BB89B56E214B8BC900B00E62 /* Assets.xcassets */,
				BB89B570214B8BC900B00E62 /* LaunchScreen.storyboard */,
				BB89B573214B8BC900B00E62 /* Info.plist */,
				BB89B574214B8BC900B00E62 /* main.m */,
				BBDAD9E9214BA54E0058A57F /* PrefixHeader.pch */,
			);
			path = Support;
			sourceTree = "<group>";
		};
		BB8A00E8215F5D5100D7035A /* CLCustomSwitch(自定义开关) */ = {
			isa = PBXGroup;
			children = (
				BB8A00E9215F5D5100D7035A /* CLCustomSwitch.h */,
				BB8A00EA215F5D5100D7035A /* CLCustomSwitch.m */,
			);
			path = "CLCustomSwitch(自定义开关)";
			sourceTree = "<group>";
		};
		BB8F2B09215E0F13009518ED /* NetWorking */ = {
			isa = PBXGroup;
			children = (
				BB8F2B0A215E0F13009518ED /* NetWorking.h */,
				BB8F2B0B215E0F13009518ED /* NetWorking.m */,
			);
			path = NetWorking;
			sourceTree = "<group>";
		};
		BB8F2B0D215E22D7009518ED /* Masonry */ = {
			isa = PBXGroup;
			children = (
				BB8F2B0E215E22D7009518ED /* Info.plist */,
				BB8F2B0F215E22D7009518ED /* MASCompositeConstraint.h */,
				BB8F2B10215E22D7009518ED /* MASCompositeConstraint.m */,
				BB8F2B11215E22D7009518ED /* MASConstraint+Private.h */,
				BB8F2B12215E22D7009518ED /* MASConstraint.h */,
				BB8F2B13215E22D7009518ED /* MASConstraint.m */,
				BB8F2B14215E22D7009518ED /* MASConstraintMaker.h */,
				BB8F2B15215E22D7009518ED /* MASConstraintMaker.m */,
				BB8F2B16215E22D7009518ED /* MASLayoutConstraint.h */,
				BB8F2B17215E22D7009518ED /* MASLayoutConstraint.m */,
				BB8F2B18215E22D7009518ED /* Masonry.h */,
				BB8F2B19215E22D7009518ED /* MASUtilities.h */,
				BB8F2B1A215E22D7009518ED /* MASViewAttribute.h */,
				BB8F2B1B215E22D7009518ED /* MASViewAttribute.m */,
				BB8F2B1C215E22D7009518ED /* MASViewConstraint.h */,
				BB8F2B1D215E22D7009518ED /* MASViewConstraint.m */,
				BB8F2B1E215E22D7009518ED /* NSArray+MASAdditions.h */,
				BB8F2B1F215E22D7009518ED /* NSArray+MASAdditions.m */,
				BB8F2B20215E22D7009518ED /* NSArray+MASShorthandAdditions.h */,
				BB8F2B21215E22D7009518ED /* NSLayoutConstraint+MASDebugAdditions.h */,
				BB8F2B22215E22D7009518ED /* NSLayoutConstraint+MASDebugAdditions.m */,
				BB8F2B23215E22D7009518ED /* View+MASAdditions.h */,
				BB8F2B24215E22D7009518ED /* View+MASAdditions.m */,
				BB8F2B25215E22D7009518ED /* View+MASShorthandAdditions.h */,
				BB8F2B26215E22D7009518ED /* ViewController+MASAdditions.h */,
				BB8F2B27215E22D7009518ED /* ViewController+MASAdditions.m */,
			);
			path = Masonry;
			sourceTree = "<group>";
		};
		BB8F2B28215E22D7009518ED /* BTC_K线图 */ = {
			isa = PBXGroup;
			children = (
				BB8F2B29215E22D7009518ED /* Config */,
				BB8F2B3B215E22D7009518ED /* KLine */,
				BB8F2B60215E22D7009518ED /* Y_StockChartView.h */,
				BB8F2B61215E22D7009518ED /* Y_StockChartView.m */,
			);
			path = "BTC_K线图";
			sourceTree = "<group>";
		};
		BB8F2B29215E22D7009518ED /* Config */ = {
			isa = PBXGroup;
			children = (
				BB8F2B2A215E22D7009518ED /* Category */,
				BB8F2B33215E22D7009518ED /* Constant */,
				BB8F2B35215E22D7009518ED /* GlobalVariable */,
				BB8F2B38215E22D7009518ED /* Theme */,
			);
			path = Config;
			sourceTree = "<group>";
		};
		BB8F2B2A215E22D7009518ED /* Category */ = {
			isa = PBXGroup;
			children = (
				BB8F2B2B215E22D7009518ED /* CAShapeLayer+YKCandleLayer.h */,
				BB8F2B2C215E22D7009518ED /* CAShapeLayer+YKCandleLayer.m */,
				BB8F2B2D215E22D7009518ED /* CAShapeLayer+YKLineLayer.h */,
				BB8F2B2E215E22D7009518ED /* CAShapeLayer+YKLineLayer.m */,
				BB8F2B2F215E22D7009518ED /* CATextLayer+DateTextLayer.h */,
				BB8F2B30215E22D7009518ED /* CATextLayer+DateTextLayer.m */,
				BB8F2B31215E22D7009518ED /* UIBezierPath+YKBezierPath.h */,
				BB8F2B32215E22D7009518ED /* UIBezierPath+YKBezierPath.m */,
			);
			path = Category;
			sourceTree = "<group>";
		};
		BB8F2B33215E22D7009518ED /* Constant */ = {
			isa = PBXGroup;
			children = (
				BB8F2B34215E22D7009518ED /* Y_StockChartConstant.h */,
			);
			path = Constant;
			sourceTree = "<group>";
		};
		BB8F2B35215E22D7009518ED /* GlobalVariable */ = {
			isa = PBXGroup;
			children = (
				BB8F2B36215E22D7009518ED /* Y_StockChartGlobalVariable.h */,
				BB8F2B37215E22D7009518ED /* Y_StockChartGlobalVariable.m */,
			);
			path = GlobalVariable;
			sourceTree = "<group>";
		};
		BB8F2B38215E22D7009518ED /* Theme */ = {
			isa = PBXGroup;
			children = (
				BB8F2B39215E22D7009518ED /* UIColor+Y_StockChart.h */,
				BB8F2B3A215E22D7009518ED /* UIColor+Y_StockChart.m */,
			);
			path = Theme;
			sourceTree = "<group>";
		};
		BB8F2B3B215E22D7009518ED /* KLine */ = {
			isa = PBXGroup;
			children = (
				BB8F2B3C215E22D7009518ED /* Accessory_MAView */,
				BB8F2B3F215E22D7009518ED /* AccessoryView */,
				BB8F2B42215E22D7009518ED /* KLine_MAView */,
				BB8F2B45215E22D7009518ED /* MainKLineView */,
				BB8F2B48215E22D7009518ED /* Model */,
				BB8F2B52215E22D7009518ED /* PriceView */,
				BB8F2B55215E22D7009518ED /* SegmentView */,
				BB8F2B58215E22D7009518ED /* Volume_MAView */,
				BB8F2B5B215E22D7009518ED /* VolumeView */,
				BB8F2B5E215E22D7009518ED /* Y_KLineView.h */,
				BB8F2B5F215E22D7009518ED /* Y_KLineView.m */,
			);
			path = KLine;
			sourceTree = "<group>";
		};
		BB8F2B3C215E22D7009518ED /* Accessory_MAView */ = {
			isa = PBXGroup;
			children = (
				BB8F2B3D215E22D7009518ED /* Y_AccessoryMAView.h */,
				BB8F2B3E215E22D7009518ED /* Y_AccessoryMAView.m */,
			);
			path = Accessory_MAView;
			sourceTree = "<group>";
		};
		BB8F2B3F215E22D7009518ED /* AccessoryView */ = {
			isa = PBXGroup;
			children = (
				BB8F2B40215E22D7009518ED /* Y_KLineAccessoryView.h */,
				BB8F2B41215E22D7009518ED /* Y_KLineAccessoryView.m */,
			);
			path = AccessoryView;
			sourceTree = "<group>";
		};
		BB8F2B42215E22D7009518ED /* KLine_MAView */ = {
			isa = PBXGroup;
			children = (
				BB8F2B43215E22D7009518ED /* Y_KLineMAView.h */,
				BB8F2B44215E22D7009518ED /* Y_KLineMAView.m */,
			);
			path = KLine_MAView;
			sourceTree = "<group>";
		};
		BB8F2B45215E22D7009518ED /* MainKLineView */ = {
			isa = PBXGroup;
			children = (
				BB8F2B46215E22D7009518ED /* Y_KLineMainView.h */,
				BB8F2B47215E22D7009518ED /* Y_KLineMainView.m */,
			);
			path = MainKLineView;
			sourceTree = "<group>";
		};
		BB8F2B48215E22D7009518ED /* Model */ = {
			isa = PBXGroup;
			children = (
				BB8F2B49215E22D7009518ED /* KLineModel */,
			);
			path = Model;
			sourceTree = "<group>";
		};
		BB8F2B49215E22D7009518ED /* KLineModel */ = {
			isa = PBXGroup;
			children = (
				BB8F2B4A215E22D7009518ED /* Y_KLineGroupModel.h */,
				BB8F2B4B215E22D7009518ED /* Y_KLineGroupModel.m */,
				BB8F2B4C215E22D7009518ED /* Y_KLineModel.h */,
				BB8F2B4D215E22D7009518ED /* Y_KLineModel.m */,
				BB8F2B4E215E22D7009518ED /* Y_KLinePositionModel.h */,
				BB8F2B4F215E22D7009518ED /* Y_KLinePositionModel.m */,
				BB8F2B50215E22D7009518ED /* Y_KLineVolumePositionModel.h */,
				BB8F2B51215E22D7009518ED /* Y_KLineVolumePositionModel.m */,
			);
			path = KLineModel;
			sourceTree = "<group>";
		};
		BB8F2B52215E22D7009518ED /* PriceView */ = {
			isa = PBXGroup;
			children = (
				BB8F2B53215E22D7009518ED /* Y_StockChartRightYView.h */,
				BB8F2B54215E22D7009518ED /* Y_StockChartRightYView.m */,
			);
			path = PriceView;
			sourceTree = "<group>";
		};
		BB8F2B55215E22D7009518ED /* SegmentView */ = {
			isa = PBXGroup;
			children = (
				BB8F2B56215E22D7009518ED /* Y_StockChartSegmentView.h */,
				BB8F2B57215E22D7009518ED /* Y_StockChartSegmentView.m */,
			);
			path = SegmentView;
			sourceTree = "<group>";
		};
		BB8F2B58215E22D7009518ED /* Volume_MAView */ = {
			isa = PBXGroup;
			children = (
				BB8F2B59215E22D7009518ED /* Y_VolumeMAView.h */,
				BB8F2B5A215E22D7009518ED /* Y_VolumeMAView.m */,
			);
			path = Volume_MAView;
			sourceTree = "<group>";
		};
		BB8F2B5B215E22D7009518ED /* VolumeView */ = {
			isa = PBXGroup;
			children = (
				BB8F2B5C215E22D7009518ED /* Y_KLineVolumeView.h */,
				BB8F2B5D215E22D7009518ED /* Y_KLineVolumeView.m */,
			);
			path = VolumeView;
			sourceTree = "<group>";
		};
		BBB6AB01216B280600C02D6A /* RESideMenu(侧边栏) */ = {
			isa = PBXGroup;
			children = (
				BBB6AB02216B280600C02D6A /* RECommonFunctions.h */,
				BBB6AB03216B280600C02D6A /* RECommonFunctions.m */,
				BBB6AB04216B280600C02D6A /* RESideMenu.h */,
				BBB6AB05216B280600C02D6A /* RESideMenu.m */,
				BBB6AB06216B280600C02D6A /* UIViewController+RESideMenu.h */,
				BBB6AB07216B280600C02D6A /* UIViewController+RESideMenu.m */,
			);
			path = "RESideMenu(侧边栏)";
			sourceTree = "<group>";
		};
		BBDAD9BF214B9E190058A57F /* Market(行情) */ = {
			isa = PBXGroup;
			children = (
				BBDAD9FE214BAF7E0058A57F /* Market.storyboard */,
				BBDAD9C6214B9EBA0058A57F /* ViewController */,
				BBDAD9C4214B9EBA0058A57F /* Model */,
				BBDAD9C3214B9EBA0058A57F /* UI */,
				BBDAD9C5214B9EBA0058A57F /* View */,
			);
			path = "Market(行情)";
			sourceTree = "<group>";
		};
		BBDAD9C0214B9E240058A57F /* Trade(交易) */ = {
			isa = PBXGroup;
			children = (
				BBDADA00214BAFA20058A57F /* Trade.storyboard */,
				BBDAD9C8214B9ECB0058A57F /* ViewController */,
				BBDAD9C9214B9ECB0058A57F /* Model */,
				BBDAD9C7214B9ECB0058A57F /* UI */,
				BBDAD9CA214B9ECB0058A57F /* View */,
			);
			path = "Trade(交易)";
			sourceTree = "<group>";
		};
		BBDAD9C1214B9E2F0058A57F /* Wallet(钱包) */ = {
			isa = PBXGroup;
			children = (
				BBDADA02214BAFBD0058A57F /* Wallet.storyboard */,
				BBDAD9CB214B9ED60058A57F /* ViewController */,
				BBDAD9CD214B9ED60058A57F /* Model */,
				BBDAD9CC214B9ED60058A57F /* UI */,
				BBDAD9CE214B9ED60058A57F /* View */,
			);
			path = "Wallet(钱包)";
			sourceTree = "<group>";
		};
		BBDAD9C2214B9E370058A57F /* Account(账户) */ = {
			isa = PBXGroup;
			children = (
				BBDADA04214BAFCF0058A57F /* Account.storyboard */,
				BBDAD9CF214B9EE40058A57F /* ViewController */,
				BBDAD9D1214B9EE40058A57F /* Model */,
				BBDAD9D0214B9EE40058A57F /* UI */,
				BBDAD9D2214B9EE40058A57F /* View */,
			);
			path = "Account(账户)";
			sourceTree = "<group>";
		};
		BBDAD9C3214B9EBA0058A57F /* UI */ = {
			isa = PBXGroup;
			children = (
			);
			path = UI;
			sourceTree = "<group>";
		};
		BBDAD9C4214B9EBA0058A57F /* Model */ = {
			isa = PBXGroup;
			children = (
				BB80943B215374760044ED5B /* MarketModel.h */,
				BB80943C215374760044ED5B /* MarketModel.m */,
			);
			path = Model;
			sourceTree = "<group>";
		};
		BBDAD9C5214B9EBA0058A57F /* View */ = {
			isa = PBXGroup;
			children = (
				BB728EEC2152258D00CBE5BF /* MarketCell.h */,
				BB728EED2152258D00CBE5BF /* MarketCell.m */,
				BB728EEE2152258D00CBE5BF /* MarketCell.xib */,
			);
			path = View;
			sourceTree = "<group>";
		};
		BBDAD9C6214B9EBA0058A57F /* ViewController */ = {
			isa = PBXGroup;
			children = (
				BBDAD9D3214BA36D0058A57F /* MarketViewController.h */,
				BBDAD9D4214BA36D0058A57F /* MarketViewController.m */,
				BB7D141A2150D34900E7FA5F /* MarketListViewController */,
			);
			path = ViewController;
			sourceTree = "<group>";
		};
		BBDAD9C7214B9ECB0058A57F /* UI */ = {
			isa = PBXGroup;
			children = (
			);
			path = UI;
			sourceTree = "<group>";
		};
		BBDAD9C8214B9ECB0058A57F /* ViewController */ = {
			isa = PBXGroup;
			children = (
				BBDAD9D6214BA3990058A57F /* TardeViewController.h */,
				BBDAD9D7214BA3990058A57F /* TardeViewController.m */,
			);
			path = ViewController;
			sourceTree = "<group>";
		};
		BBDAD9C9214B9ECB0058A57F /* Model */ = {
			isa = PBXGroup;
			children = (
			);
			path = Model;
			sourceTree = "<group>";
		};
		BBDAD9CA214B9ECB0058A57F /* View */ = {
			isa = PBXGroup;
			children = (
				BBB6AAFA216AE6B000C02D6A /* TardeViewCell.h */,
				BBB6AAFB216AE6B000C02D6A /* TardeViewCell.m */,
			);
			path = View;
			sourceTree = "<group>";
		};
		BBDAD9CB214B9ED60058A57F /* ViewController */ = {
			isa = PBXGroup;
			children = (
				BBDAD9D9214BA3A90058A57F /* WalletViewController.h */,
				BBDAD9DA214BA3A90058A57F /* WalletViewController.m */,
			);
			path = ViewController;
			sourceTree = "<group>";
		};
		BBDAD9CC214B9ED60058A57F /* UI */ = {
			isa = PBXGroup;
			children = (
			);
			path = UI;
			sourceTree = "<group>";
		};
		BBDAD9CD214B9ED60058A57F /* Model */ = {
			isa = PBXGroup;
			children = (
			);
			path = Model;
			sourceTree = "<group>";
		};
		BBDAD9CE214B9ED60058A57F /* View */ = {
			isa = PBXGroup;
			children = (
				BBB6AAFE216AF80900C02D6A /* WalletCell.h */,
				BBB6AAFF216AF80900C02D6A /* WalletCell.m */,
			);
			path = View;
			sourceTree = "<group>";
		};
		BBDAD9CF214B9EE40058A57F /* ViewController */ = {
			isa = PBXGroup;
			children = (
				BBDAD9DC214BA3B90058A57F /* AccountViewController.h */,
				BBDAD9DD214BA3B90058A57F /* AccountViewController.m */,
			);
			path = ViewController;
			sourceTree = "<group>";
		};
		BBDAD9D0214B9EE40058A57F /* UI */ = {
			isa = PBXGroup;
			children = (
			);
			path = UI;
			sourceTree = "<group>";
		};
		BBDAD9D1214B9EE40058A57F /* Model */ = {
			isa = PBXGroup;
			children = (
			);
			path = Model;
			sourceTree = "<group>";
		};
		BBDAD9D2214B9EE40058A57F /* View */ = {
			isa = PBXGroup;
			children = (
			);
			path = View;
			sourceTree = "<group>";
		};
		BBDAD9DF214BA3D80058A57F /* Main */ = {
			isa = PBXGroup;
			children = (
				BBDAD9E3214BA4620058A57F /* ZBBaseNavVC.h */,
				BBDAD9E0214BA4610058A57F /* ZBBaseNavVC.m */,
				BBDAD9E2214BA4620058A57F /* ZBTabBar.h */,
				BBDAD9E4214BA4620058A57F /* ZBTabBar.m */,
				BBDAD9E1214BA4620058A57F /* ZBTabBarController.h */,
				BBDAD9E5214BA4620058A57F /* ZBTabBarController.m */,
			);
			path = Main;
			sourceTree = "<group>";
		};
		BBDAD9EA214BA6460058A57F /* Libs */ = {
			isa = PBXGroup;
			children = (
				BBB6AB01216B280600C02D6A /* RESideMenu(侧边栏) */,
				BB8A00E8215F5D5100D7035A /* CLCustomSwitch(自定义开关) */,
				BB8F2B28215E22D7009518ED /* BTC_K线图 */,
				BB8F2B0D215E22D7009518ED /* Masonry */,
				BB8F2B09215E0F13009518ED /* NetWorking */,
				BB728EE82152208300CBE5BF /* Category(分类) */,
				BB7D1404215095CE00E7FA5F /* XQQScrollerMenuView(顶部菜单) */,
				BBDAD9EB214BA6790058A57F /* Macros(宏) */,
			);
			path = Libs;
			sourceTree = "<group>";
		};
		BBDAD9EB214BA6790058A57F /* Macros(宏) */ = {
			isa = PBXGroup;
			children = (
				BBDAD9FD214BAD160058A57F /* Macros.h */,
			);
			path = "Macros(宏)";
			sourceTree = "<group>";
		};
/* End PBXGroup section */

/* Begin PBXNativeTarget section */
		BB89B561214B8BC900B00E62 /* ExCoin */ = {
			isa = PBXNativeTarget;
			buildConfigurationList = BB89B578214B8BC900B00E62 /* Build configuration list for PBXNativeTarget "ExCoin" */;
			buildPhases = (
				6525840F6FD05AB8019EEE71 /* [CP] Check Pods Manifest.lock */,
				BB89B55E214B8BC900B00E62 /* Sources */,
				BB89B55F214B8BC900B00E62 /* Frameworks */,
				BB89B560214B8BC900B00E62 /* Resources */,
				9D54E936929E27EA8800FEF1 /* [CP] Copy Pods Resources */,
			);
			buildRules = (
			);
			dependencies = (
			);
			name = ExCoin;
			productName = ExCoin;
			productReference = BB89B562214B8BC900B00E62 /* ExCoin.app */;
			productType = "com.apple.product-type.application";
		};
/* End PBXNativeTarget section */

/* Begin PBXProject section */
		BB89B55A214B8BC900B00E62 /* Project object */ = {
			isa = PBXProject;
			attributes = {
				LastUpgradeCheck = 0940;
				ORGANIZATIONNAME = "周飙";
				TargetAttributes = {
					BB89B561214B8BC900B00E62 = {
						CreatedOnToolsVersion = 9.4.1;
					};
				};
			};
			buildConfigurationList = BB89B55D214B8BC900B00E62 /* Build configuration list for PBXProject "ExCoin" */;
			compatibilityVersion = "Xcode 9.3";
			developmentRegion = en;
			hasScannedForEncodings = 0;
			knownRegions = (
				en,
				Base,
			);
			mainGroup = BB89B559214B8BC900B00E62;
			productRefGroup = BB89B563214B8BC900B00E62 /* Products */;
			projectDirPath = "";
			projectRoot = "";
			targets = (
				BB89B561214B8BC900B00E62 /* ExCoin */,
			);
		};
/* End PBXProject section */

/* Begin PBXResourcesBuildPhase section */
		BB89B560214B8BC900B00E62 /* Resources */ = {
			isa = PBXResourcesBuildPhase;
			buildActionMask = 2147483647;
			files = (
				BBDAD9FF214BAF7E0058A57F /* Market.storyboard in Resources */,
				BB89B572214B8BC900B00E62 /* LaunchScreen.storyboard in Resources */,
				BB8F2B62215E22D7009518ED /* Info.plist in Resources */,
				BB89B56F214B8BC900B00E62 /* Assets.xcassets in Resources */,
				BB728EF02152258D00CBE5BF /* MarketCell.xib in Resources */,
				BBDADA01214BAFA20058A57F /* Trade.storyboard in Resources */,
				BB89B56D214B8BC900B00E62 /* Main.storyboard in Resources */,
				BBDADA03214BAFBD0058A57F /* Wallet.storyboard in Resources */,
				BBDADA05214BAFCF0058A57F /* Account.storyboard in Resources */,
			);
			runOnlyForDeploymentPostprocessing = 0;
		};
/* End PBXResourcesBuildPhase section */

/* Begin PBXShellScriptBuildPhase section */
		6525840F6FD05AB8019EEE71 /* [CP] Check Pods Manifest.lock */ = {
			isa = PBXShellScriptBuildPhase;
			buildActionMask = 2147483647;
			files = (
			);
			inputPaths = (
				"${PODS_PODFILE_DIR_PATH}/Podfile.lock",
				"${PODS_ROOT}/Manifest.lock",
			);
			name = "[CP] Check Pods Manifest.lock";
			outputPaths = (
				"$(DERIVED_FILE_DIR)/Pods-ExCoin-checkManifestLockResult.txt",
			);
			runOnlyForDeploymentPostprocessing = 0;
			shellPath = /bin/sh;
			shellScript = "diff \"${PODS_PODFILE_DIR_PATH}/Podfile.lock\" \"${PODS_ROOT}/Manifest.lock\" > /dev/null\nif [ $? != 0 ] ; then\n    # print error to STDERR\n    echo \"error: The sandbox is not in sync with the Podfile.lock. Run 'pod install' or update your CocoaPods installation.\" >&2\n    exit 1\nfi\n# This output is used by Xcode 'outputs' to avoid re-running this script phase.\necho \"SUCCESS\" > \"${SCRIPT_OUTPUT_FILE_0}\"\n";
			showEnvVarsInLog = 0;
		};
		9D54E936929E27EA8800FEF1 /* [CP] Copy Pods Resources */ = {
			isa = PBXShellScriptBuildPhase;
			buildActionMask = 2147483647;
			files = (
			);
			inputPaths = (
				"${SRCROOT}/Pods/Target Support Files/Pods-ExCoin/Pods-ExCoin-resources.sh",
				"${PODS_CONFIGURATION_BUILD_DIR}/iOS-Echarts/iOS-Echarts.bundle",
			);
			name = "[CP] Copy Pods Resources";
			outputPaths = (
				"${TARGET_BUILD_DIR}/${UNLOCALIZED_RESOURCES_FOLDER_PATH}/iOS-Echarts.bundle",
			);
			runOnlyForDeploymentPostprocessing = 0;
			shellPath = /bin/sh;
			shellScript = "\"${SRCROOT}/Pods/Target Support Files/Pods-ExCoin/Pods-ExCoin-resources.sh\"\n";
			showEnvVarsInLog = 0;
		};
/* End PBXShellScriptBuildPhase section */

/* Begin PBXSourcesBuildPhase section */
		BB89B55E214B8BC900B00E62 /* Sources */ = {
			isa = PBXSourcesBuildPhase;
			buildActionMask = 2147483647;
			files = (
				BBDAD9D5214BA36D0058A57F /* MarketViewController.m in Sources */,
				BB8F2B77215E22D7009518ED /* Y_KLineGroupModel.m in Sources */,
				BB8F2B63215E22D7009518ED /* MASCompositeConstraint.m in Sources */,
				BB8F2B6C215E22D7009518ED /* ViewController+MASAdditions.m in Sources */,
				BB8F2B6B215E22D7009518ED /* View+MASAdditions.m in Sources */,
				BB8F2B6F215E22D7009518ED /* CATextLayer+DateTextLayer.m in Sources */,
				BB8A00EB215F5D5100D7035A /* CLCustomSwitch.m in Sources */,
				BBDAD9E8214BA4620058A57F /* ZBTabBarController.m in Sources */,
				BB89B56A214B8BC900B00E62 /* ViewController.m in Sources */,
				BB8F2B75215E22D7009518ED /* Y_KLineMAView.m in Sources */,
				BB8F2B78215E22D7009518ED /* Y_KLineModel.m in Sources */,
				BB8F2B71215E22D7009518ED /* Y_StockChartGlobalVariable.m in Sources */,
				BB728EEF2152258D00CBE5BF /* MarketCell.m in Sources */,
				BB7D14192150D33600E7FA5F /* MarketListViewController5.m in Sources */,
				BB8F2B66215E22D7009518ED /* MASLayoutConstraint.m in Sources */,
				BB8F2B69215E22D7009518ED /* NSArray+MASAdditions.m in Sources */,
				BBDAD9E7214BA4620058A57F /* ZBTabBar.m in Sources */,
				BB7AF069216CA21100951824 /* MarketListViewController6.m in Sources */,
				BB8F2B7C215E22D7009518ED /* Y_StockChartSegmentView.m in Sources */,
				BB8F2B6D215E22D7009518ED /* CAShapeLayer+YKCandleLayer.m in Sources */,
				BB8F2B7F215E22D7009518ED /* Y_KLineView.m in Sources */,
				BB7D14132150D32000E7FA5F /* MarketListViewController3.m in Sources */,
				BB8F2B64215E22D7009518ED /* MASConstraint.m in Sources */,
				BBDAD9DE214BA3B90058A57F /* AccountViewController.m in Sources */,
				BB8F2B68215E22D7009518ED /* MASViewConstraint.m in Sources */,
				BB89B575214B8BC900B00E62 /* main.m in Sources */,
				BBB6AB00216AF80900C02D6A /* WalletCell.m in Sources */,
				BBDAD9DB214BA3A90058A57F /* WalletViewController.m in Sources */,
				BBB6AB0A216B280600C02D6A /* UIViewController+RESideMenu.m in Sources */,
				BB8F2B7B215E22D7009518ED /* Y_StockChartRightYView.m in Sources */,
				BBDAD9E6214BA4620058A57F /* ZBBaseNavVC.m in Sources */,
				BB8F2B67215E22D7009518ED /* MASViewAttribute.m in Sources */,
				BB8F2B0C215E0F13009518ED /* NetWorking.m in Sources */,
				BBB6AB09216B280600C02D6A /* RESideMenu.m in Sources */,
				BB7D14162150D32B00E7FA5F /* MarketListViewController4.m in Sources */,
				BB7D14032150951700E7FA5F /* MarketListViewController1.m in Sources */,
				BB8F2B7D215E22D7009518ED /* Y_VolumeMAView.m in Sources */,
				BBB6AAFC216AE6B000C02D6A /* TardeViewCell.m in Sources */,
				BB8F2B79215E22D7009518ED /* Y_KLinePositionModel.m in Sources */,
				BB89B567214B8BC900B00E62 /* AppDelegate.m in Sources */,
				BB88CE342159D10500ED12C7 /* MarketDetailViewController.m in Sources */,
				BB8F2B74215E22D7009518ED /* Y_KLineAccessoryView.m in Sources */,
				BB80943D215374760044ED5B /* MarketModel.m in Sources */,
				BB8F2B70215E22D7009518ED /* UIBezierPath+YKBezierPath.m in Sources */,
				BB8F2B7A215E22D7009518ED /* Y_KLineVolumePositionModel.m in Sources */,
				BB8F2B72215E22D7009518ED /* UIColor+Y_StockChart.m in Sources */,
				BB8F2B6A215E22D7009518ED /* NSLayoutConstraint+MASDebugAdditions.m in Sources */,
				BB728EEB2152208300CBE5BF /* UIColor+Extension.m in Sources */,
				BB8F2B73215E22D7009518ED /* Y_AccessoryMAView.m in Sources */,
				BB7D1409215095CE00E7FA5F /* XQQScrollBtn.m in Sources */,
				BB8F2B6E215E22D7009518ED /* CAShapeLayer+YKLineLayer.m in Sources */,
				BB8F2B65215E22D7009518ED /* MASConstraintMaker.m in Sources */,
				BB7D14102150D31200E7FA5F /* MarketListViewController2.m in Sources */,
				BB8F2B7E215E22D7009518ED /* Y_KLineVolumeView.m in Sources */,
				BBDAD9D8214BA3990058A57F /* TardeViewController.m in Sources */,
				BB7D140A215095CE00E7FA5F /* XQQScrollerMenuView.m in Sources */,
				BB8F2B80215E22D7009518ED /* Y_StockChartView.m in Sources */,
				BB8F2B76215E22D7009518ED /* Y_KLineMainView.m in Sources */,
				BBB6AB08216B280600C02D6A /* RECommonFunctions.m in Sources */,
			);
			runOnlyForDeploymentPostprocessing = 0;
		};
/* End PBXSourcesBuildPhase section */

/* Begin PBXVariantGroup section */
		BB89B56B214B8BC900B00E62 /* Main.storyboard */ = {
			isa = PBXVariantGroup;
			children = (
				BB89B56C214B8BC900B00E62 /* Base */,
			);
			name = Main.storyboard;
			sourceTree = "<group>";
		};
		BB89B570214B8BC900B00E62 /* LaunchScreen.storyboard */ = {
			isa = PBXVariantGroup;
			children = (
				BB89B571214B8BC900B00E62 /* Base */,
			);
			name = LaunchScreen.storyboard;
			sourceTree = "<group>";
		};
/* End PBXVariantGroup section */

/* Begin XCBuildConfiguration section */
		BB89B576214B8BC900B00E62 /* Debug */ = {
			isa = XCBuildConfiguration;
			buildSettings = {
				ALWAYS_SEARCH_USER_PATHS = NO;
				CLANG_ANALYZER_NONNULL = YES;
				CLANG_ANALYZER_NUMBER_OBJECT_CONVERSION = YES_AGGRESSIVE;
				CLANG_CXX_LANGUAGE_STANDARD = "gnu++14";
				CLANG_CXX_LIBRARY = "libc++";
				CLANG_ENABLE_MODULES = YES;
				CLANG_ENABLE_OBJC_ARC = YES;
				CLANG_ENABLE_OBJC_WEAK = YES;
				CLANG_WARN_BLOCK_CAPTURE_AUTORELEASING = YES;
				CLANG_WARN_BOOL_CONVERSION = YES;
				CLANG_WARN_COMMA = YES;
				CLANG_WARN_CONSTANT_CONVERSION = YES;
				CLANG_WARN_DEPRECATED_OBJC_IMPLEMENTATIONS = YES;
				CLANG_WARN_DIRECT_OBJC_ISA_USAGE = YES_ERROR;
				CLANG_WARN_DOCUMENTATION_COMMENTS = YES;
				CLANG_WARN_EMPTY_BODY = YES;
				CLANG_WARN_ENUM_CONVERSION = YES;
				CLANG_WARN_INFINITE_RECURSION = YES;
				CLANG_WARN_INT_CONVERSION = YES;
				CLANG_WARN_NON_LITERAL_NULL_CONVERSION = YES;
				CLANG_WARN_OBJC_IMPLICIT_RETAIN_SELF = YES;
				CLANG_WARN_OBJC_LITERAL_CONVERSION = YES;
				CLANG_WARN_OBJC_ROOT_CLASS = YES_ERROR;
				CLANG_WARN_RANGE_LOOP_ANALYSIS = YES;
				CLANG_WARN_STRICT_PROTOTYPES = YES;
				CLANG_WARN_SUSPICIOUS_MOVE = YES;
				CLANG_WARN_UNGUARDED_AVAILABILITY = YES_AGGRESSIVE;
				CLANG_WARN_UNREACHABLE_CODE = YES;
				CLANG_WARN__DUPLICATE_METHOD_MATCH = YES;
				CODE_SIGN_IDENTITY = "iPhone Developer";
				COPY_PHASE_STRIP = NO;
				DEBUG_INFORMATION_FORMAT = dwarf;
				ENABLE_STRICT_OBJC_MSGSEND = YES;
				ENABLE_TESTABILITY = YES;
				GCC_C_LANGUAGE_STANDARD = gnu11;
				GCC_DYNAMIC_NO_PIC = NO;
				GCC_NO_COMMON_BLOCKS = YES;
				GCC_OPTIMIZATION_LEVEL = 0;
				GCC_PREPROCESSOR_DEFINITIONS = (
					"DEBUG=1",
					"$(inherited)",
				);
				GCC_WARN_64_TO_32_BIT_CONVERSION = YES;
				GCC_WARN_ABOUT_RETURN_TYPE = YES_ERROR;
				GCC_WARN_UNDECLARED_SELECTOR = YES;
				GCC_WARN_UNINITIALIZED_AUTOS = YES_AGGRESSIVE;
				GCC_WARN_UNUSED_FUNCTION = YES;
				GCC_WARN_UNUSED_VARIABLE = YES;
				IPHONEOS_DEPLOYMENT_TARGET = 9.0;
				MTL_ENABLE_DEBUG_INFO = YES;
				ONLY_ACTIVE_ARCH = YES;
				SDKROOT = iphoneos;
			};
			name = Debug;
		};
		BB89B577214B8BC900B00E62 /* Release */ = {
			isa = XCBuildConfiguration;
			buildSettings = {
				ALWAYS_SEARCH_USER_PATHS = NO;
				CLANG_ANALYZER_NONNULL = YES;
				CLANG_ANALYZER_NUMBER_OBJECT_CONVERSION = YES_AGGRESSIVE;
				CLANG_CXX_LANGUAGE_STANDARD = "gnu++14";
				CLANG_CXX_LIBRARY = "libc++";
				CLANG_ENABLE_MODULES = YES;
				CLANG_ENABLE_OBJC_ARC = YES;
				CLANG_ENABLE_OBJC_WEAK = YES;
				CLANG_WARN_BLOCK_CAPTURE_AUTORELEASING = YES;
				CLANG_WARN_BOOL_CONVERSION = YES;
				CLANG_WARN_COMMA = YES;
				CLANG_WARN_CONSTANT_CONVERSION = YES;
				CLANG_WARN_DEPRECATED_OBJC_IMPLEMENTATIONS = YES;
				CLANG_WARN_DIRECT_OBJC_ISA_USAGE = YES_ERROR;
				CLANG_WARN_DOCUMENTATION_COMMENTS = YES;
				CLANG_WARN_EMPTY_BODY = YES;
				CLANG_WARN_ENUM_CONVERSION = YES;
				CLANG_WARN_INFINITE_RECURSION = YES;
				CLANG_WARN_INT_CONVERSION = YES;
				CLANG_WARN_NON_LITERAL_NULL_CONVERSION = YES;
				CLANG_WARN_OBJC_IMPLICIT_RETAIN_SELF = YES;
				CLANG_WARN_OBJC_LITERAL_CONVERSION = YES;
				CLANG_WARN_OBJC_ROOT_CLASS = YES_ERROR;
				CLANG_WARN_RANGE_LOOP_ANALYSIS = YES;
				CLANG_WARN_STRICT_PROTOTYPES = YES;
				CLANG_WARN_SUSPICIOUS_MOVE = YES;
				CLANG_WARN_UNGUARDED_AVAILABILITY = YES_AGGRESSIVE;
				CLANG_WARN_UNREACHABLE_CODE = YES;
				CLANG_WARN__DUPLICATE_METHOD_MATCH = YES;
				CODE_SIGN_IDENTITY = "iPhone Developer";
				COPY_PHASE_STRIP = NO;
				DEBUG_INFORMATION_FORMAT = "dwarf-with-dsym";
				ENABLE_NS_ASSERTIONS = NO;
				ENABLE_STRICT_OBJC_MSGSEND = YES;
				GCC_C_LANGUAGE_STANDARD = gnu11;
				GCC_NO_COMMON_BLOCKS = YES;
				GCC_WARN_64_TO_32_BIT_CONVERSION = YES;
				GCC_WARN_ABOUT_RETURN_TYPE = YES_ERROR;
				GCC_WARN_UNDECLARED_SELECTOR = YES;
				GCC_WARN_UNINITIALIZED_AUTOS = YES_AGGRESSIVE;
				GCC_WARN_UNUSED_FUNCTION = YES;
				GCC_WARN_UNUSED_VARIABLE = YES;
				IPHONEOS_DEPLOYMENT_TARGET = 9.0;
				MTL_ENABLE_DEBUG_INFO = NO;
				SDKROOT = iphoneos;
				VALIDATE_PRODUCT = YES;
			};
			name = Release;
		};
		BB89B579214B8BC900B00E62 /* Debug */ = {
			isa = XCBuildConfiguration;
			baseConfigurationReference = C34E92B5567E8576F8CB4BD2 /* Pods-ExCoin.debug.xcconfig */;
			buildSettings = {
				ASSETCATALOG_COMPILER_APPICON_NAME = AppIcon;
				CODE_SIGN_STYLE = Automatic;
				DEVELOPMENT_TEAM = 54GR6D54X3;
				GCC_PRECOMPILE_PREFIX_HEADER = NO;
				GCC_PREFIX_HEADER = "$(SRCROOT)/ExCoin/Support/PrefixHeader.pch";
				INFOPLIST_FILE = "$(SRCROOT)/ExCoin/Support/Info.plist";
				IPHONEOS_DEPLOYMENT_TARGET = 9.0;
				LD_RUNPATH_SEARCH_PATHS = (
					"$(inherited)",
					"@executable_path/Frameworks",
				);
				PRODUCT_BUNDLE_IDENTIFIER = ZB.ExCoin;
				PRODUCT_NAME = "$(TARGET_NAME)";
				TARGETED_DEVICE_FAMILY = "1,2";
			};
			name = Debug;
		};
		BB89B57A214B8BC900B00E62 /* Release */ = {
			isa = XCBuildConfiguration;
			baseConfigurationReference = 6EA4343207EEF0A50482E929 /* Pods-ExCoin.release.xcconfig */;
			buildSettings = {
				ASSETCATALOG_COMPILER_APPICON_NAME = AppIcon;
				CODE_SIGN_STYLE = Automatic;
				DEVELOPMENT_TEAM = 54GR6D54X3;
				GCC_PRECOMPILE_PREFIX_HEADER = NO;
				GCC_PREFIX_HEADER = "$(SRCROOT)/ExCoin/Support/PrefixHeader.pch";
				INFOPLIST_FILE = "$(SRCROOT)/ExCoin/Support/Info.plist";
				IPHONEOS_DEPLOYMENT_TARGET = 9.0;
				LD_RUNPATH_SEARCH_PATHS = (
					"$(inherited)",
					"@executable_path/Frameworks",
				);
				PRODUCT_BUNDLE_IDENTIFIER = ZB.ExCoin;
				PRODUCT_NAME = "$(TARGET_NAME)";
				TARGETED_DEVICE_FAMILY = "1,2";
			};
			name = Release;
		};
/* End XCBuildConfiguration section */

/* Begin XCConfigurationList section */
		BB89B55D214B8BC900B00E62 /* Build configuration list for PBXProject "ExCoin" */ = {
			isa = XCConfigurationList;
			buildConfigurations = (
				BB89B576214B8BC900B00E62 /* Debug */,
				BB89B577214B8BC900B00E62 /* Release */,
			);
			defaultConfigurationIsVisible = 0;
			defaultConfigurationName = Release;
		};
		BB89B578214B8BC900B00E62 /* Build configuration list for PBXNativeTarget "ExCoin" */ = {
			isa = XCConfigurationList;
			buildConfigurations = (
				BB89B579214B8BC900B00E62 /* Debug */,
				BB89B57A214B8BC900B00E62 /* Release */,
			);
			defaultConfigurationIsVisible = 0;
			defaultConfigurationName = Release;
		};
/* End XCConfigurationList section */
	};
	rootObject = BB89B55A214B8BC900B00E62 /* Project object */;
}
